// !$*UTF8*$!
{
	archiveVersion = 1;
	classes = {
	};
	objectVersion = 46;
	objects = {

/* Begin PBXBuildFile section */
		8128F3B81DB7DCD600FA0975 /* AppDelegate.swift in Sources */ = {isa = PBXBuildFile; fileRef = 8128F3B71DB7DCD600FA0975 /* AppDelegate.swift */; };
		8128F3BA1DB7DCD600FA0975 /* ViewController.swift in Sources */ = {isa = PBXBuildFile; fileRef = 8128F3B91DB7DCD600FA0975 /* ViewController.swift */; };
		8128F3BF1DB7DCD600FA0975 /* Assets.xcassets in Resources */ = {isa = PBXBuildFile; fileRef = 8128F3BE1DB7DCD600FA0975 /* Assets.xcassets */; };
		8128F3C21DB7DCD600FA0975 /* LaunchScreen.storyboard in Resources */ = {isa = PBXBuildFile; fileRef = 8128F3C01DB7DCD600FA0975 /* LaunchScreen.storyboard */; };
		8128F3D01DB8815400FA0975 /* GradientView.swift in Sources */ = {isa = PBXBuildFile; fileRef = 8128F3CF1DB8815400FA0975 /* GradientView.swift */; };
		81AB0D0D1DB8F3A9000F181B /* videoplayback.mp4 in Resources */ = {isa = PBXBuildFile; fileRef = 81AB0D0C1DB8F3A9000F181B /* videoplayback.mp4 */; };
		81AB0D0F1DB8F3C0000F181B /* Extensions.swift in Sources */ = {isa = PBXBuildFile; fileRef = 81AB0D0E1DB8F3C0000F181B /* Extensions.swift */; };
/* End PBXBuildFile section */

/* Begin PBXFileReference section */
		8128F3B41DB7DCD600FA0975 /* BlurredVideo.app */ = {isa = PBXFileReference; explicitFileType = wrapper.application; includeInIndex = 0; path = BlurredVideo.app; sourceTree = BUILT_PRODUCTS_DIR; };
		8128F3B71DB7DCD600FA0975 /* AppDelegate.swift */ = {isa = PBXFileReference; lastKnownFileType = sourcecode.swift; path = AppDelegate.swift; sourceTree = "<group>"; };
		8128F3B91DB7DCD600FA0975 /* ViewController.swift */ = {isa = PBXFileReference; lastKnownFileType = sourcecode.swift; path = ViewController.swift; sourceTree = "<group>"; };
		8128F3BE1DB7DCD600FA0975 /* Assets.xcassets */ = {isa = PBXFileReference; lastKnownFileType = folder.assetcatalog; path = Assets.xcassets; sourceTree = "<group>"; };
		8128F3C11DB7DCD600FA0975 /* Base */ = {isa = PBXFileReference; lastKnownFileType = file.storyboard; name = Base; path = Base.lproj/LaunchScreen.storyboard; sourceTree = "<group>"; };
		8128F3C31DB7DCD600FA0975 /* Info.plist */ = {isa = PBXFileReference; lastKnownFileType = text.plist.xml; path = Info.plist; sourceTree = "<group>"; };
		8128F3CF1DB8815400FA0975 /* GradientView.swift */ = {isa = PBXFileReference; fileEncoding = 4; lastKnownFileType = sourcecode.swift; path = GradientView.swift; sourceTree = "<group>"; };
		81AB0D0C1DB8F3A9000F181B /* videoplayback.mp4 */ = {isa = PBXFileReference; lastKnownFileType = file; path = videoplayback.mp4; sourceTree = "<group>"; };
		81AB0D0E1DB8F3C0000F181B /* Extensions.swift */ = {isa = PBXFileReference; fileEncoding = 4; lastKnownFileType = sourcecode.swift; path = Extensions.swift; sourceTree = "<group>"; };
/* End PBXFileReference section */

/* Begin PBXFrameworksBuildPhase section */
		8128F3B11DB7DCD600FA0975 /* Frameworks */ = {
			isa = PBXFrameworksBuildPhase;
			buildActionMask = 2147483647;
			files = (
			);
			runOnlyForDeploymentPostprocessing = 0;
		};
/* End PBXFrameworksBuildPhase section */

/* Begin PBXGroup section */
		8128F3AB1DB7DCD600FA0975 = {
			isa = PBXGroup;
			children = (
				8128F3B61DB7DCD600FA0975 /* BlurredVideo */,
				8128F3B51DB7DCD600FA0975 /* Products */,
			);
			sourceTree = "<group>";
		};
		8128F3B51DB7DCD600FA0975 /* Products */ = {
			isa = PBXGroup;
			children = (
				8128F3B41DB7DCD600FA0975 /* BlurredVideo.app */,
			);
			name = Products;
			sourceTree = "<group>";
		};
		8128F3B61DB7DCD600FA0975 /* BlurredVideo */ = {
			isa = PBXGroup;
			children = (
				8128F3B71DB7DCD600FA0975 /* AppDelegate.swift */,
				8128F3B91DB7DCD600FA0975 /* ViewController.swift */,
				81AB0D0E1DB8F3C0000F181B /* Extensions.swift */,
				8128F3CF1DB8815400FA0975 /* GradientView.swift */,
				81AB0D0C1DB8F3A9000F181B /* videoplayback.mp4 */,
				8128F3BE1DB7DCD600FA0975 /* Assets.xcassets */,
				8128F3C01DB7DCD600FA0975 /* LaunchScreen.storyboard */,
				8128F3C31DB7DCD600FA0975 /* Info.plist */,
			);
			path = BlurredVideo;
			sourceTree = "<group>";
		};
/* End PBXGroup section */

/* Begin PBXNativeTarget section */
		8128F3B31DB7DCD600FA0975 /* BlurredVideo */ = {
			isa = PBXNativeTarget;
			buildConfigurationList = 8128F3C61DB7DCD600FA0975 /* Build configuration list for PBXNativeTarget "BlurredVideo" */;
			buildPhases = (
				8128F3B01DB7DCD600FA0975 /* Sources */,
				8128F3B11DB7DCD600FA0975 /* Frameworks */,
				8128F3B21DB7DCD600FA0975 /* Resources */,
			);
			buildRules = (
			);
			dependencies = (
			);
			name = BlurredVideo;
			productName = BlurredVideo;
			productReference = 8128F3B41DB7DCD600FA0975 /* BlurredVideo.app */;
			productType = "com.apple.product-type.application";
		};
/* End PBXNativeTarget section */

/* Begin PBXProject section */
		8128F3AC1DB7DCD600FA0975 /* Project object */ = {
			isa = PBXProject;
			attributes = {
				LastSwiftUpdateCheck = 0800;
				LastUpgradeCheck = 0800;
				ORGANIZATIONNAME = "Jonathan Landon";
				TargetAttributes = {
					8128F3B31DB7DCD600FA0975 = {
						CreatedOnToolsVersion = 8.0;
						DevelopmentTeam = HFELC45X72;
						ProvisioningStyle = Automatic;
					};
				};
			};
			buildConfigurationList = 8128F3AF1DB7DCD600FA0975 /* Build configuration list for PBXProject "BlurredVideo" */;
			compatibilityVersion = "Xcode 3.2";
			developmentRegion = English;
			hasScannedForEncodings = 0;
			knownRegions = (
				en,
				Base,
			);
			mainGroup = 8128F3AB1DB7DCD600FA0975;
			productRefGroup = 8128F3B51DB7DCD600FA0975 /* Products */;
			projectDirPath = "";
			projectRoot = "";
			targets = (
				8128F3B31DB7DCD600FA0975 /* BlurredVideo */,
			);
		};
/* End PBXProject section */

/* Begin PBXResourcesBuildPhase section */
		8128F3B21DB7DCD600FA0975 /* Resources */ = {
			isa = PBXResourcesBuildPhase;
			buildActionMask = 2147483647;
			files = (
				8128F3C21DB7DCD600FA0975 /* LaunchScreen.storyboard in Resources */,
				81AB0D0D1DB8F3A9000F181B /* videoplayback.mp4 in Resources */,
				8128F3BF1DB7DCD600FA0975 /* Assets.xcassets in Resources */,
			);
			runOnlyForDeploymentPostprocessing = 0;
		};
/* End PBXResourcesBuildPhase section */

/* Begin PBXSourcesBuildPhase section */
		8128F3B01DB7DCD600FA0975 /* Sources */ = {
			isa = PBXSourcesBuildPhase;
			buildActionMask = 2147483647;
			files = (
				8128F3BA1DB7DCD600FA0975 /* ViewController.swift in Sources */,
				8128F3B81DB7DCD600FA0975 /* AppDelegate.swift in Sources */,
				8128F3D01DB8815400FA0975 /* GradientView.swift in Sources */,
				81AB0D0F1DB8F3C0000F181B /* Extensions.swift in Sources */,
			);
			runOnlyForDeploymentPostprocessing = 0;
		};
/* End PBXSourcesBuildPhase section */

/* Begin PBXVariantGroup section */
		8128F3C01DB7DCD600FA0975 /* LaunchScreen.storyboard */ = {
			isa = PBXVariantGroup;
			children = (
				8128F3C11DB7DCD600FA0975 /* Base */,
			);
			name = LaunchScreen.storyboard;
			sourceTree = "<group>";
		};
/* End PBXVariantGroup section */

/* Begin XCBuildConfiguration section */
		8128F3C41DB7DCD600FA0975 /* Debug */ = {
			isa = XCBuildConfiguration;
			buildSettings = {
				ALWAYS_SEARCH_USER_PATHS = NO;
				CLANG_ANALYZER_NONNULL = YES;
				CLANG_CXX_LANGUAGE_STANDARD = "gnu++0x";
				CLANG_CXX_LIBRARY = "libc++";
				CLANG_ENABLE_MODULES = YES;
				CLANG_ENABLE_OBJC_ARC = YES;
				CLANG_WARN_BOOL_CONVERSION = YES;
				CLANG_WARN_CONSTANT_CONVERSION = YES;
				CLANG_WARN_DIRECT_OBJC_ISA_USAGE = YES_ERROR;
				CLANG_WARN_DOCUMENTATION_COMMENTS = YES;
				CLANG_WARN_EMPTY_BODY = YES;
				CLANG_WARN_ENUM_CONVERSION = YES;
				CLANG_WARN_INFINITE_RECURSION = YES;
				CLANG_WARN_INT_CONVERSION = YES;
				CLANG_WARN_OBJC_ROOT_CLASS = YES_ERROR;
				CLANG_WARN_SUSPICIOUS_MOVES = YES;
				CLANG_WARN_UNREACHABLE_CODE = YES;
				CLANG_WARN__DUPLICATE_METHOD_MATCH = YES;
				"CODE_SIGN_IDENTITY[sdk=iphoneos*]" = "iPhone Developer";
				COPY_PHASE_STRIP = NO;
				DEBUG_INFORMATION_FORMAT = dwarf;
				ENABLE_STRICT_OBJC_MSGSEND = YES;
				ENABLE_TESTABILITY = YES;
				GCC_C_LANGUAGE_STANDARD = gnu99;
				GCC_DYNAMIC_NO_PIC = NO;
				GCC_NO_COMMON_BLOCKS = YES;
				GCC_OPTIMIZATION_LEVEL = 0;
				GCC_PREPROCESSOR_DEFINITIONS = (
					"DEBUG=1",
					"$(inherited)",
				);
				GCC_WARN_64_TO_32_BIT_CONVERSION = YES;
				GCC_WARN_ABOUT_RETURN_TYPE = YES_ERROR;
				GCC_WARN_UNDECLARED_SELECTOR = YES;
				GCC_WARN_UNINITIALIZED_AUTOS = YES_AGGRESSIVE;
				GCC_WARN_UNUSED_FUNCTION = YES;
				GCC_WARN_UNUSED_VARIABLE = YES;
				IPHONEOS_DEPLOYMENT_TARGET = 10.0;
				MTL_ENABLE_DEBUG_INFO = YES;
				ONLY_ACTIVE_ARCH = YES;
				SDKROOT = iphoneos;
				SWIFT_ACTIVE_COMPILATION_CONDITIONS = DEBUG;
				SWIFT_OPTIMIZATION_LEVEL = "-Onone";
			};
			name = Debug;
		};
		8128F3C51DB7DCD600FA0975 /* Release */ = {
			isa = XCBuildConfiguration;
			buildSettings = {
				ALWAYS_SEARCH_USER_PATHS = NO;
				CLANG_ANALYZER_NONNULL = YES;
				CLANG_CXX_LANGUAGE_STANDARD = "gnu++0x";
				CLANG_CXX_LIBRARY = "libc++";
				CLANG_ENABLE_MODULES = YES;
				CLANG_ENABLE_OBJC_ARC = YES;
				CLANG_WARN_BOOL_CONVERSION = YES;
				CLANG_WARN_CONSTANT_CONVERSION = YES;
				CLANG_WARN_DIRECT_OBJC_ISA_USAGE = YES_ERROR;
				CLANG_WARN_DOCUMENTATION_COMMENTS = YES;
				CLANG_WARN_EMPTY_BODY = YES;
				CLANG_WARN_ENUM_CONVERSION = YES;
				CLANG_WARN_INFINITE_RECURSION = YES;
				CLANG_WARN_INT_CONVERSION = YES;
				CLANG_WARN_OBJC_ROOT_CLASS = YES_ERROR;
				CLANG_WARN_SUSPICIOUS_MOVES = YES;
				CLANG_WARN_UNREACHABLE_CODE = YES;
				CLANG_WARN__DUPLICATE_METHOD_MATCH = YES;
				"CODE_SIGN_IDENTITY[sdk=iphoneos*]" = "iPhone Developer";
				COPY_PHASE_STRIP = NO;
				DEBUG_INFORMATION_FORMAT = "dwarf-with-dsym";
				ENABLE_NS_ASSERTIONS = NO;
				ENABLE_STRICT_OBJC_MSGSEND = YES;
				GCC_C_LANGUAGE_STANDARD = gnu99;
				GCC_NO_COMMON_BLOCKS = YES;
				GCC_WARN_64_TO_32_BIT_CONVERSION = YES;
				GCC_WARN_ABOUT_RETURN_TYPE = YES_ERROR;
				GCC_WARN_UNDECLARED_SELECTOR = YES;
				GCC_WARN_UNINITIALIZED_AUTOS = YES_AGGRESSIVE;
				GCC_WARN_UNUSED_FUNCTION = YES;
				GCC_WARN_UNUSED_VARIABLE = YES;
				IPHONEOS_DEPLOYMENT_TARGET = 10.0;
				MTL_ENABLE_DEBUG_INFO = NO;
				SDKROOT = iphoneos;
				SWIFT_OPTIMIZATION_LEVEL = "-Owholemodule";
				VALIDATE_PRODUCT = YES;
			};
			name = Release;
		};
		8128F3C71DB7DCD600FA0975 /* Debug */ = {
			isa = XCBuildConfiguration;
			buildSettings = {
				ASSETCATALOG_COMPILER_APPICON_NAME = AppIcon;
				DEVELOPMENT_TEAM = HFELC45X72;
				INFOPLIST_FILE = BlurredVideo/Info.plist;
				LD_RUNPATH_SEARCH_PATHS = "$(inherited) @executable_path/Frameworks";
				PRODUCT_BUNDLE_IDENTIFIER = com.jlandon.BlurredVideo;
				PRODUCT_NAME = "$(TARGET_NAME)";
				SWIFT_VERSION = 3.0;
			};
			name = Debug;
		};
		8128F3C81DB7DCD600FA0975 /* Release */ = {
			isa = XCBuildConfiguration;
			buildSettings = {
				ASSETCATALOG_COMPILER_APPICON_NAME = AppIcon;
				DEVELOPMENT_TEAM = HFELC45X72;
				INFOPLIST_FILE = BlurredVideo/Info.plist;
				LD_RUNPATH_SEARCH_PATHS = "$(inherited) @executable_path/Frameworks";
				PRODUCT_BUNDLE_IDENTIFIER = com.jlandon.BlurredVideo;
				PRODUCT_NAME = "$(TARGET_NAME)";
				SWIFT_VERSION = 3.0;
			};
			name = Release;
		};
/* End XCBuildConfiguration section */

/* Begin XCConfigurationList section */
		8128F3AF1DB7DCD600FA0975 /* Build configuration list for PBXProject "BlurredVideo" */ = {
			isa = XCConfigurationList;
			buildConfigurations = (
				8128F3C41DB7DCD600FA0975 /* Debug */,
				8128F3C51DB7DCD600FA0975 /* Release */,
			);
			defaultConfigurationIsVisible = 0;
			defaultConfigurationName = Release;
		};
		8128F3C61DB7DCD600FA0975 /* Build configuration list for PBXNativeTarget "BlurredVideo" */ = {
			isa = XCConfigurationList;
			buildConfigurations = (
				8128F3C71DB7DCD600FA0975 /* Debug */,
				8128F3C81DB7DCD600FA0975 /* Release */,
			);
			defaultConfigurationIsVisible = 0;
			defaultConfigurationName = Release;
		};
/* End XCConfigurationList section */
	};
	rootObject = 8128F3AC1DB7DCD600FA0975 /* Project object */;
}
